
Microsoft Visual Studio Solution File, Format Version 12.00
# Visual Studio Version 17
VisualStudioVersion = 17.0.31903.59
MinimumVisualStudioVersion = 10.0.40219.1
Project("{FAE04EC0-301F-11D3-BF4B-00C04F79EFBC}") = "Algorithms.Library", "src\Algorithms.Library\Algorithms.Library.csproj", "{3E1E7FAF-CAA9-4D17-9919-D59747F9E4F4}"
EndProject
Project("{FAE04EC0-301F-11D3-BF4B-00C04F79EFBC}") = "Algorithms.Library.Tests", "tests\Algorithms.Library.Tests\Algorithms.Library.Tests.csproj", "{E0DE770F-3DB4-4EB0-9D56-D9D2BAB21236}"
EndProject
Project("{2150E333-8FDC-42A3-9474-1A3956D46DE8}") = "Tests", "Tests", "{6DF99FFE-AF86-4F30-9C62-8C98603D8FB3}"
EndProject
Global
	GlobalSection(SolutionConfigurationPlatforms) = preSolution
		Debug|Any CPU = Debug|Any CPU
		Release|Any CPU = Release|Any CPU
	EndGlobalSection
	GlobalSection(ProjectConfigurationPlatforms) = postSolution
		{3E1E7FAF-CAA9-4D17-9919-D59747F9E4F4}.Debug|Any CPU.ActiveCfg = Debug|Any CPU
		{3E1E7FAF-CAA9-4D17-9919-D59747F9E4F4}.Debug|Any CPU.Build.0 = Debug|Any CPU
		{3E1E7FAF-CAA9-4D17-9919-D59747F9E4F4}.Release|Any CPU.ActiveCfg = Release|Any CPU
		{3E1E7FAF-CAA9-4D17-9919-D59747F9E4F4}.Release|Any CPU.Build.0 = Release|Any CPU
		{E0DE770F-3DB4-4EB0-9D56-D9D2BAB21236}.Debug|Any CPU.ActiveCfg = Debug|Any CPU
		{E0DE770F-3DB4-4EB0-9D56-D9D2BAB21236}.Debug|Any CPU.Build.0 = Debug|Any CPU
		{E0DE770F-3DB4-4EB0-9D56-D9D2BAB21236}.Release|Any CPU.ActiveCfg = Release|Any CPU
		{E0DE770F-3DB4-4EB0-9D56-D9D2BAB21236}.Release|Any CPU.Build.0 = Release|Any CPU
	EndGlobalSection
	GlobalSection(SolutionProperties) = preSolution
		HideSolutionNode = FALSE
	EndGlobalSection
	GlobalSection(NestedProjects) = preSolution
		{E0DE770F-3DB4-4EB0-9D56-D9D2BAB21236} = {6DF99FFE-AF86-4F30-9C62-8C98603D8FB3}
	EndGlobalSection
EndGlobal
